
Microsoft Visual Studio Solution File, Format Version 12.00
# Visual Studio 15
VisualStudioVersion = 15.0.28010.2026
MinimumVisualStudioVersion = 10.0.40219.1
Project("{FAE04EC0-301F-11D3-BF4B-00C04F79EFBC}") = "GitTest1", "GitTest1\GitTest1.csproj", "{EC29DBE1-DCFB-4328-8879-47A97C2215FD}"
EndProject
Global
	GlobalSection(SolutionConfigurationPlatforms) = preSolution
		Debug|Any CPU = Debug|Any CPU
		Release|Any CPU = Release|Any CPU
	EndGlobalSection
	GlobalSection(ProjectConfigurationPlatforms) = postSolution
		{EC29DBE1-DCFB-4328-8879-47A97C2215FD}.Debug|Any CPU.ActiveCfg = Debug|Any CPU
		{EC29DBE1-DCFB-4328-8879-47A97C2215FD}.Debug|Any CPU.Build.0 = Debug|Any CPU
		{EC29DBE1-DCFB-4328-8879-47A97C2215FD}.Release|Any CPU.ActiveCfg = Release|Any CPU
		{EC29DBE1-DCFB-4328-8879-47A97C2215FD}.Release|Any CPU.Build.0 = Release|Any CPU
	EndGlobalSection
	GlobalSection(SolutionProperties) = preSolution
		HideSolutionNode = FALSE
	EndGlobalSection
	GlobalSection(ExtensibilityGlobals) = postSolution
		SolutionGuid = {ADF6DAD9-8E03-4F4B-BDBE-C65ADBB1C08D}
	EndGlobalSection
EndGlobal
